Microsoft Visual Studio Solution File, Format Version 11.00
# Visual Studio 2008

Project("{98EA4F24-9182-17C8-3164-6AB769F12052}") = "dragonScene", "Assembly-CSharp.csproj", "{93D06068-D8D2-4555-D6A7-3D65492119C6}"
EndProject
Global
	GlobalSection(SolutionConfigurationPlatforms) = preSolution
		Debug|Any CPU = Debug|Any CPU
		Release|Any CPU = Release|Any CPU
	EndGlobalSection
	GlobalSection(ProjectConfigurationPlatforms) = postSolution
		{93D06068-D8D2-4555-D6A7-3D65492119C6}.Debug|Any CPU.ActiveCfg = Debug|Any CPU
		{93D06068-D8D2-4555-D6A7-3D65492119C6}.Debug|Any CPU.Build.0 = Debug|Any CPU
		{93D06068-D8D2-4555-D6A7-3D65492119C6}.Release|Any CPU.ActiveCfg = Release|Any CPU
		{93D06068-D8D2-4555-D6A7-3D65492119C6}.Release|Any CPU.Build.0 = Release|Any CPU
	EndGlobalSection
	GlobalSection(SolutionProperties) = preSolution
		HideSolutionNode = FALSE
	EndGlobalSection
	GlobalSection(MonoDevelopProperties) = preSolution
		StartupItem = Assembly-CSharp.csproj
	EndGlobalSection
EndGlobal
